
Microsoft Visual Studio Solution File, Format Version 12.00
# Visual Studio 15
VisualStudioVersion = 15.0.28307.136
MinimumVisualStudioVersion = 10.0.40219.1
Project("{FAE04EC0-301F-11D3-BF4B-00C04F79EFBC}") = "Pets", "Pets\Pets.csproj", "{7DE7DA8A-A22B-4430-87BB-A5FAA6590ABA}"
EndProject
Global
	GlobalSection(SolutionConfigurationPlatforms) = preSolution
		Debug|Any CPU = Debug|Any CPU
		Release|Any CPU = Release|Any CPU
	EndGlobalSection
	GlobalSection(ProjectConfigurationPlatforms) = postSolution
		{7DE7DA8A-A22B-4430-87BB-A5FAA6590ABA}.Debug|Any CPU.ActiveCfg = Debug|Any CPU
		{7DE7DA8A-A22B-4430-87BB-A5FAA6590ABA}.Debug|Any CPU.Build.0 = Debug|Any CPU
		{7DE7DA8A-A22B-4430-87BB-A5FAA6590ABA}.Release|Any CPU.ActiveCfg = Release|Any CPU
		{7DE7DA8A-A22B-4430-87BB-A5FAA6590ABA}.Release|Any CPU.Build.0 = Release|Any CPU
	EndGlobalSection
	GlobalSection(SolutionProperties) = preSolution
		HideSolutionNode = FALSE
	EndGlobalSection
	GlobalSection(ExtensibilityGlobals) = postSolution
		SolutionGuid = {14FD3976-5FFC-4D83-B0F8-29BEDD236AB5}
	EndGlobalSection
EndGlobal
